
Microsoft Visual Studio Solution File, Format Version 12.00
# Visual Studio 15
VisualStudioVersion = 15.0.28307.271
MinimumVisualStudioVersion = 10.0.40219.1
Project("{2150E333-8FDC-42A3-9474-1A3956D46DE8}") = "Solution Items", "Solution Items", "{9DFC5174-421B-4649-85F7-4FD243445E1E}"
	ProjectSection(SolutionItems) = preProject
		App.js = App.js
		ToDo.html = ToDo.html
	EndProjectSection
EndProject
Global
	GlobalSection(SolutionProperties) = preSolution
		HideSolutionNode = FALSE
	EndGlobalSection
	GlobalSection(ExtensibilityGlobals) = postSolution
		SolutionGuid = {B7B101D9-278E-4EB6-91C0-73C4298DF958}
	EndGlobalSection
EndGlobal
